// !$*UTF8*$!
{
	archiveVersion = 1;
	classes = {
	};
	objectVersion = 46;
	objects = {

/* Begin PBXBuildFile section */
		CFA1EF3A19FF1852001F08BC /* Bolts.framework in Frameworks */ = {isa = PBXBuildFile; fileRef = CFA1EF3819FF1852001F08BC /* Bolts.framework */; };
		CFA1EF3B19FF1852001F08BC /* Parse.framework in Frameworks */ = {isa = PBXBuildFile; fileRef = CFA1EF3919FF1852001F08BC /* Parse.framework */; };
		CFA1EF3D19FF1897001F08BC /* AudioToolbox.framework in Frameworks */ = {isa = PBXBuildFile; fileRef = CFA1EF3C19FF1897001F08BC /* AudioToolbox.framework */; };
		CFA1EF3F19FF18A1001F08BC /* CFNetwork.framework in Frameworks */ = {isa = PBXBuildFile; fileRef = CFA1EF3E19FF18A1001F08BC /* CFNetwork.framework */; };
		CFA1EF4119FF18AA001F08BC /* CoreGraphics.framework in Frameworks */ = {isa = PBXBuildFile; fileRef = CFA1EF4019FF18AA001F08BC /* CoreGraphics.framework */; };
		CFA1EF4319FF18B1001F08BC /* CoreLocation.framework in Frameworks */ = {isa = PBXBuildFile; fileRef = CFA1EF4219FF18B1001F08BC /* CoreLocation.framework */; };
		CFA1EF4519FF18B8001F08BC /* libz.dylib in Frameworks */ = {isa = PBXBuildFile; fileRef = CFA1EF4419FF18B8001F08BC /* libz.dylib */; };
		CFA1EF4719FF18BF001F08BC /* MobileCoreServices.framework in Frameworks */ = {isa = PBXBuildFile; fileRef = CFA1EF4619FF18BF001F08BC /* MobileCoreServices.framework */; };
		CFA1EF4919FF18C4001F08BC /* QuartzCore.framework in Frameworks */ = {isa = PBXBuildFile; fileRef = CFA1EF4819FF18C4001F08BC /* QuartzCore.framework */; };
		CFA1EF4B19FF18CA001F08BC /* Security.framework in Frameworks */ = {isa = PBXBuildFile; fileRef = CFA1EF4A19FF18CA001F08BC /* Security.framework */; };
		CFA1EF4D19FF18D0001F08BC /* StoreKit.framework in Frameworks */ = {isa = PBXBuildFile; fileRef = CFA1EF4C19FF18D0001F08BC /* StoreKit.framework */; };
		CFA1EF4F19FF18D8001F08BC /* SystemConfiguration.framework in Frameworks */ = {isa = PBXBuildFile; fileRef = CFA1EF4E19FF18D8001F08BC /* SystemConfiguration.framework */; };
		CFA1EF5619FF273C001F08BC /* SettingsViewController.m in Sources */ = {isa = PBXBuildFile; fileRef = CFA1EF5519FF273C001F08BC /* SettingsViewController.m */; };
		CFA1EF6019FF3A94001F08BC /* Business.m in Sources */ = {isa = PBXBuildFile; fileRef = CFA1EF5F19FF3A94001F08BC /* Business.m */; };
		CFA44AB019FC95A900D4B038 /* main.m in Sources */ = {isa = PBXBuildFile; fileRef = CFA44AAF19FC95A900D4B038 /* main.m */; };
		CFA44AB319FC95A900D4B038 /* AppDelegate.m in Sources */ = {isa = PBXBuildFile; fileRef = CFA44AB219FC95A900D4B038 /* AppDelegate.m */; };
		CFA44AB619FC95A900D4B038 /* ListViewController.m in Sources */ = {isa = PBXBuildFile; fileRef = CFA44AB519FC95A900D4B038 /* ListViewController.m */; };
		CFA44AB919FC95A900D4B038 /* MapViewController.m in Sources */ = {isa = PBXBuildFile; fileRef = CFA44AB819FC95A900D4B038 /* MapViewController.m */; };
		CFA44ABC19FC95A900D4B038 /* Main.storyboard in Resources */ = {isa = PBXBuildFile; fileRef = CFA44ABA19FC95A900D4B038 /* Main.storyboard */; };
		CFA44ABE19FC95A900D4B038 /* Images.xcassets in Resources */ = {isa = PBXBuildFile; fileRef = CFA44ABD19FC95A900D4B038 /* Images.xcassets */; };
		CFA44AC119FC95A900D4B038 /* LaunchScreen.xib in Resources */ = {isa = PBXBuildFile; fileRef = CFA44ABF19FC95A900D4B038 /* LaunchScreen.xib */; };
		CFA44ACD19FC95A900D4B038 /* LocalTests.m in Sources */ = {isa = PBXBuildFile; fileRef = CFA44ACC19FC95A900D4B038 /* LocalTests.m */; };
		CFA9ACD11A051EDD0060BA19 /* DetailViewController.m in Sources */ = {isa = PBXBuildFile; fileRef = CFA9ACD01A051EDD0060BA19 /* DetailViewController.m */; };
		CFA9ACE41A056F540060BA19 /* OpenGLES.framework in Frameworks */ = {isa = PBXBuildFile; fileRef = CFA9ACE21A056EA80060BA19 /* OpenGLES.framework */; };
		CFA9ACE51A056F6E0060BA19 /* AVFoundation.framework in Frameworks */ = {isa = PBXBuildFile; fileRef = CFA9ACD41A056E3A0060BA19 /* AVFoundation.framework */; };
		CFA9ACE61A056F840060BA19 /* CoreData.framework in Frameworks */ = {isa = PBXBuildFile; fileRef = CFA9ACD61A056E440060BA19 /* CoreData.framework */; };
		CFA9ACE71A056F910060BA19 /* CoreText.framework in Frameworks */ = {isa = PBXBuildFile; fileRef = CFA9ACD81A056E580060BA19 /* CoreText.framework */; };
		CFA9ACE81A056F9A0060BA19 /* GLKit.framework in Frameworks */ = {isa = PBXBuildFile; fileRef = CFA9ACDA1A056E630060BA19 /* GLKit.framework */; };
		CFA9ACE91A056FA20060BA19 /* ImageIO.framework in Frameworks */ = {isa = PBXBuildFile; fileRef = CFA9ACDC1A056E700060BA19 /* ImageIO.framework */; };
		CFA9ACEA1A056FAE0060BA19 /* libc++.dylib in Frameworks */ = {isa = PBXBuildFile; fileRef = CFA9ACDE1A056E7F0060BA19 /* libc++.dylib */; };
		CFA9ACEB1A056FBC0060BA19 /* libicucore.dylib in Frameworks */ = {isa = PBXBuildFile; fileRef = CFA9ACE01A056E8F0060BA19 /* libicucore.dylib */; };
		CFA9ACF21A06B2AD0060BA19 /* TabViewController.m in Sources */ = {isa = PBXBuildFile; fileRef = CFA9ACF11A06B2AD0060BA19 /* TabViewController.m */; };
		CFA9ACF51A06C7FF0060BA19 /* GoogleMaps.framework in Frameworks */ = {isa = PBXBuildFile; fileRef = CFA9ACF41A06C7FF0060BA19 /* GoogleMaps.framework */; };
		CFA9ACF71A06C81A0060BA19 /* GoogleMaps.bundle in Resources */ = {isa = PBXBuildFile; fileRef = CFA9ACF61A06C81A0060BA19 /* GoogleMaps.bundle */; };
/* End PBXBuildFile section */

/* Begin PBXContainerItemProxy section */
		CFA44AC719FC95A900D4B038 /* PBXContainerItemProxy */ = {
			isa = PBXContainerItemProxy;
			containerPortal = CFA44AA219FC95A900D4B038 /* Project object */;
			proxyType = 1;
			remoteGlobalIDString = CFA44AA919FC95A900D4B038;
			remoteInfo = Local;
		};
/* End PBXContainerItemProxy section */

/* Begin PBXFileReference section */
		CFA1EF3819FF1852001F08BC /* Bolts.framework */ = {isa = PBXFileReference; lastKnownFileType = wrapper.framework; path = Bolts.framework; sourceTree = "<group>"; };
		CFA1EF3919FF1852001F08BC /* Parse.framework */ = {isa = PBXFileReference; lastKnownFileType = wrapper.framework; path = Parse.framework; sourceTree = "<group>"; };
		CFA1EF3C19FF1897001F08BC /* AudioToolbox.framework */ = {isa = PBXFileReference; lastKnownFileType = wrapper.framework; name = AudioToolbox.framework; path = System/Library/Frameworks/AudioToolbox.framework; sourceTree = SDKROOT; };
		CFA1EF3E19FF18A1001F08BC /* CFNetwork.framework */ = {isa = PBXFileReference; lastKnownFileType = wrapper.framework; name = CFNetwork.framework; path = System/Library/Frameworks/CFNetwork.framework; sourceTree = SDKROOT; };
		CFA1EF4019FF18AA001F08BC /* CoreGraphics.framework */ = {isa = PBXFileReference; lastKnownFileType = wrapper.framework; name = CoreGraphics.framework; path = System/Library/Frameworks/CoreGraphics.framework; sourceTree = SDKROOT; };
		CFA1EF4219FF18B1001F08BC /* CoreLocation.framework */ = {isa = PBXFileReference; lastKnownFileType = wrapper.framework; name = CoreLocation.framework; path = System/Library/Frameworks/CoreLocation.framework; sourceTree = SDKROOT; };
		CFA1EF4419FF18B8001F08BC /* libz.dylib */ = {isa = PBXFileReference; lastKnownFileType = "compiled.mach-o.dylib"; name = libz.dylib; path = usr/lib/libz.dylib; sourceTree = SDKROOT; };
		CFA1EF4619FF18BF001F08BC /* MobileCoreServices.framework */ = {isa = PBXFileReference; lastKnownFileType = wrapper.framework; name = MobileCoreServices.framework; path = System/Library/Frameworks/MobileCoreServices.framework; sourceTree = SDKROOT; };
		CFA1EF4819FF18C4001F08BC /* QuartzCore.framework */ = {isa = PBXFileReference; lastKnownFileType = wrapper.framework; name = QuartzCore.framework; path = System/Library/Frameworks/QuartzCore.framework; sourceTree = SDKROOT; };
		CFA1EF4A19FF18CA001F08BC /* Security.framework */ = {isa = PBXFileReference; lastKnownFileType = wrapper.framework; name = Security.framework; path = System/Library/Frameworks/Security.framework; sourceTree = SDKROOT; };
		CFA1EF4C19FF18D0001F08BC /* StoreKit.framework */ = {isa = PBXFileReference; lastKnownFileType = wrapper.framework; name = StoreKit.framework; path = System/Library/Frameworks/StoreKit.framework; sourceTree = SDKROOT; };
		CFA1EF4E19FF18D8001F08BC /* SystemConfiguration.framework */ = {isa = PBXFileReference; lastKnownFileType = wrapper.framework; name = SystemConfiguration.framework; path = System/Library/Frameworks/SystemConfiguration.framework; sourceTree = SDKROOT; };
		CFA1EF5519FF273C001F08BC /* SettingsViewController.m */ = {isa = PBXFileReference; fileEncoding = 4; lastKnownFileType = sourcecode.c.objc; path = SettingsViewController.m; sourceTree = "<group>"; };
		CFA1EF5719FF2763001F08BC /* SettingsViewController.h */ = {isa = PBXFileReference; lastKnownFileType = sourcecode.c.h; path = SettingsViewController.h; sourceTree = "<group>"; };
		CFA1EF5E19FF3A94001F08BC /* Business.h */ = {isa = PBXFileReference; fileEncoding = 4; lastKnownFileType = sourcecode.c.h; path = Business.h; sourceTree = "<group>"; };
		CFA1EF5F19FF3A94001F08BC /* Business.m */ = {isa = PBXFileReference; fileEncoding = 4; lastKnownFileType = sourcecode.c.objc; path = Business.m; sourceTree = "<group>"; };
		CFA44AAA19FC95A900D4B038 /* Local.app */ = {isa = PBXFileReference; explicitFileType = wrapper.application; includeInIndex = 0; path = Local.app; sourceTree = BUILT_PRODUCTS_DIR; };
		CFA44AAE19FC95A900D4B038 /* Info.plist */ = {isa = PBXFileReference; lastKnownFileType = text.plist.xml; path = Info.plist; sourceTree = "<group>"; };
		CFA44AAF19FC95A900D4B038 /* main.m */ = {isa = PBXFileReference; lastKnownFileType = sourcecode.c.objc; path = main.m; sourceTree = "<group>"; };
		CFA44AB119FC95A900D4B038 /* AppDelegate.h */ = {isa = PBXFileReference; lastKnownFileType = sourcecode.c.h; path = AppDelegate.h; sourceTree = "<group>"; };
		CFA44AB219FC95A900D4B038 /* AppDelegate.m */ = {isa = PBXFileReference; lastKnownFileType = sourcecode.c.objc; path = AppDelegate.m; sourceTree = "<group>"; };
		CFA44AB419FC95A900D4B038 /* ListViewController.h */ = {isa = PBXFileReference; lastKnownFileType = sourcecode.c.h; path = ListViewController.h; sourceTree = "<group>"; };
		CFA44AB519FC95A900D4B038 /* ListViewController.m */ = {isa = PBXFileReference; lastKnownFileType = sourcecode.c.objc; path = ListViewController.m; sourceTree = "<group>"; };
		CFA44AB719FC95A900D4B038 /* MapViewController.h */ = {isa = PBXFileReference; lastKnownFileType = sourcecode.c.h; path = MapViewController.h; sourceTree = "<group>"; };
		CFA44AB819FC95A900D4B038 /* MapViewController.m */ = {isa = PBXFileReference; lastKnownFileType = sourcecode.c.objc; path = MapViewController.m; sourceTree = "<group>"; };
		CFA44ABB19FC95A900D4B038 /* Base */ = {isa = PBXFileReference; lastKnownFileType = file.storyboard; name = Base; path = Base.lproj/Main.storyboard; sourceTree = "<group>"; };
		CFA44ABD19FC95A900D4B038 /* Images.xcassets */ = {isa = PBXFileReference; lastKnownFileType = folder.assetcatalog; path = Images.xcassets; sourceTree = "<group>"; };
		CFA44AC019FC95A900D4B038 /* Base */ = {isa = PBXFileReference; lastKnownFileType = file.xib; name = Base; path = Base.lproj/LaunchScreen.xib; sourceTree = "<group>"; };
		CFA44AC619FC95A900D4B038 /* LocalTests.xctest */ = {isa = PBXFileReference; explicitFileType = wrapper.cfbundle; includeInIndex = 0; path = LocalTests.xctest; sourceTree = BUILT_PRODUCTS_DIR; };
		CFA44ACB19FC95A900D4B038 /* Info.plist */ = {isa = PBXFileReference; lastKnownFileType = text.plist.xml; path = Info.plist; sourceTree = "<group>"; };
		CFA44ACC19FC95A900D4B038 /* LocalTests.m */ = {isa = PBXFileReference; lastKnownFileType = sourcecode.c.objc; path = LocalTests.m; sourceTree = "<group>"; };
		CFA9ACCF1A051EDD0060BA19 /* DetailViewController.h */ = {isa = PBXFileReference; fileEncoding = 4; lastKnownFileType = sourcecode.c.h; path = DetailViewController.h; sourceTree = "<group>"; };
		CFA9ACD01A051EDD0060BA19 /* DetailViewController.m */ = {isa = PBXFileReference; fileEncoding = 4; lastKnownFileType = sourcecode.c.objc; path = DetailViewController.m; sourceTree = "<group>"; };
		CFA9ACD41A056E3A0060BA19 /* AVFoundation.framework */ = {isa = PBXFileReference; lastKnownFileType = wrapper.framework; name = AVFoundation.framework; path = System/Library/Frameworks/AVFoundation.framework; sourceTree = SDKROOT; };
		CFA9ACD61A056E440060BA19 /* CoreData.framework */ = {isa = PBXFileReference; lastKnownFileType = wrapper.framework; name = CoreData.framework; path = System/Library/Frameworks/CoreData.framework; sourceTree = SDKROOT; };
		CFA9ACD81A056E580060BA19 /* CoreText.framework */ = {isa = PBXFileReference; lastKnownFileType = wrapper.framework; name = CoreText.framework; path = System/Library/Frameworks/CoreText.framework; sourceTree = SDKROOT; };
		CFA9ACDA1A056E630060BA19 /* GLKit.framework */ = {isa = PBXFileReference; lastKnownFileType = wrapper.framework; name = GLKit.framework; path = System/Library/Frameworks/GLKit.framework; sourceTree = SDKROOT; };
		CFA9ACDC1A056E700060BA19 /* ImageIO.framework */ = {isa = PBXFileReference; lastKnownFileType = wrapper.framework; name = ImageIO.framework; path = System/Library/Frameworks/ImageIO.framework; sourceTree = SDKROOT; };
		CFA9ACDE1A056E7F0060BA19 /* libc++.dylib */ = {isa = PBXFileReference; lastKnownFileType = "compiled.mach-o.dylib"; name = "libc++.dylib"; path = "usr/lib/libc++.dylib"; sourceTree = SDKROOT; };
		CFA9ACE01A056E8F0060BA19 /* libicucore.dylib */ = {isa = PBXFileReference; lastKnownFileType = "compiled.mach-o.dylib"; name = libicucore.dylib; path = usr/lib/libicucore.dylib; sourceTree = SDKROOT; };
		CFA9ACE21A056EA80060BA19 /* OpenGLES.framework */ = {isa = PBXFileReference; lastKnownFileType = wrapper.framework; name = OpenGLES.framework; path = System/Library/Frameworks/OpenGLES.framework; sourceTree = SDKROOT; };
		CFA9ACF01A06B2AD0060BA19 /* TabViewController.h */ = {isa = PBXFileReference; fileEncoding = 4; lastKnownFileType = sourcecode.c.h; path = TabViewController.h; sourceTree = "<group>"; };
		CFA9ACF11A06B2AD0060BA19 /* TabViewController.m */ = {isa = PBXFileReference; fileEncoding = 4; lastKnownFileType = sourcecode.c.objc; path = TabViewController.m; sourceTree = "<group>"; };
		CFA9ACF41A06C7FF0060BA19 /* GoogleMaps.framework */ = {isa = PBXFileReference; lastKnownFileType = wrapper.framework; path = GoogleMaps.framework; sourceTree = "<group>"; };
		CFA9ACF61A06C81A0060BA19 /* GoogleMaps.bundle */ = {isa = PBXFileReference; lastKnownFileType = "wrapper.plug-in"; path = GoogleMaps.bundle; sourceTree = "<group>"; };
/* End PBXFileReference section */

/* Begin PBXFrameworksBuildPhase section */
		CFA44AA719FC95A900D4B038 /* Frameworks */ = {
			isa = PBXFrameworksBuildPhase;
			buildActionMask = 2147483647;
			files = (
				CFA9ACEB1A056FBC0060BA19 /* libicucore.dylib in Frameworks */,
				CFA9ACEA1A056FAE0060BA19 /* libc++.dylib in Frameworks */,
				CFA9ACE91A056FA20060BA19 /* ImageIO.framework in Frameworks */,
				CFA9ACE81A056F9A0060BA19 /* GLKit.framework in Frameworks */,
				CFA9ACE71A056F910060BA19 /* CoreText.framework in Frameworks */,
				CFA9ACE61A056F840060BA19 /* CoreData.framework in Frameworks */,
				CFA9ACE51A056F6E0060BA19 /* AVFoundation.framework in Frameworks */,
				CFA9ACE41A056F540060BA19 /* OpenGLES.framework in Frameworks */,
				CFA1EF4F19FF18D8001F08BC /* SystemConfiguration.framework in Frameworks */,
				CFA1EF4919FF18C4001F08BC /* QuartzCore.framework in Frameworks */,
				CFA1EF4519FF18B8001F08BC /* libz.dylib in Frameworks */,
				CFA1EF4319FF18B1001F08BC /* CoreLocation.framework in Frameworks */,
				CFA1EF4D19FF18D0001F08BC /* StoreKit.framework in Frameworks */,
				CFA1EF4B19FF18CA001F08BC /* Security.framework in Frameworks */,
				CFA1EF4719FF18BF001F08BC /* MobileCoreServices.framework in Frameworks */,
				CFA9ACF51A06C7FF0060BA19 /* GoogleMaps.framework in Frameworks */,
				CFA1EF4119FF18AA001F08BC /* CoreGraphics.framework in Frameworks */,
				CFA1EF3F19FF18A1001F08BC /* CFNetwork.framework in Frameworks */,
				CFA1EF3D19FF1897001F08BC /* AudioToolbox.framework in Frameworks */,
				CFA1EF3B19FF1852001F08BC /* Parse.framework in Frameworks */,
				CFA1EF3A19FF1852001F08BC /* Bolts.framework in Frameworks */,
			);
			runOnlyForDeploymentPostprocessing = 0;
		};
		CFA44AC319FC95A900D4B038 /* Frameworks */ = {
			isa = PBXFrameworksBuildPhase;
			buildActionMask = 2147483647;
			files = (
			);
			runOnlyForDeploymentPostprocessing = 0;
		};
/* End PBXFrameworksBuildPhase section */

/* Begin PBXGroup section */
		CFA1EF3719FF17D6001F08BC /* Frameworks */ = {
			isa = PBXGroup;
			children = (
				CFA9ACF61A06C81A0060BA19 /* GoogleMaps.bundle */,
				CFA9ACF41A06C7FF0060BA19 /* GoogleMaps.framework */,
				CFA9ACE21A056EA80060BA19 /* OpenGLES.framework */,
				CFA9ACE01A056E8F0060BA19 /* libicucore.dylib */,
				CFA9ACDE1A056E7F0060BA19 /* libc++.dylib */,
				CFA9ACDC1A056E700060BA19 /* ImageIO.framework */,
				CFA9ACDA1A056E630060BA19 /* GLKit.framework */,
				CFA9ACD81A056E580060BA19 /* CoreText.framework */,
				CFA9ACD61A056E440060BA19 /* CoreData.framework */,
				CFA9ACD41A056E3A0060BA19 /* AVFoundation.framework */,
				CFA1EF4E19FF18D8001F08BC /* SystemConfiguration.framework */,
				CFA1EF4C19FF18D0001F08BC /* StoreKit.framework */,
				CFA1EF4A19FF18CA001F08BC /* Security.framework */,
				CFA1EF4819FF18C4001F08BC /* QuartzCore.framework */,
				CFA1EF4619FF18BF001F08BC /* MobileCoreServices.framework */,
				CFA1EF4419FF18B8001F08BC /* libz.dylib */,
				CFA1EF4219FF18B1001F08BC /* CoreLocation.framework */,
				CFA1EF4019FF18AA001F08BC /* CoreGraphics.framework */,
				CFA1EF3E19FF18A1001F08BC /* CFNetwork.framework */,
				CFA1EF3C19FF1897001F08BC /* AudioToolbox.framework */,
				CFA1EF3819FF1852001F08BC /* Bolts.framework */,
				CFA1EF3919FF1852001F08BC /* Parse.framework */,
			);
			name = Frameworks;
			sourceTree = "<group>";
		};
		CFA1EF5019FF20B0001F08BC /* Models */ = {
			isa = PBXGroup;
			children = (
				CFA1EF5E19FF3A94001F08BC /* Business.h */,
				CFA1EF5F19FF3A94001F08BC /* Business.m */,
			);
			name = Models;
			path = ..;
			sourceTree = "<group>";
		};
		CFA44AA119FC95A900D4B038 = {
			isa = PBXGroup;
			children = (
				CFA1EF3719FF17D6001F08BC /* Frameworks */,
				CFA44AAC19FC95A900D4B038 /* Local */,
				CFA44AC919FC95A900D4B038 /* LocalTests */,
				CFA44AAB19FC95A900D4B038 /* Products */,
			);
			sourceTree = "<group>";
		};
		CFA44AAB19FC95A900D4B038 /* Products */ = {
			isa = PBXGroup;
			children = (
				CFA44AAA19FC95A900D4B038 /* Local.app */,
				CFA44AC619FC95A900D4B038 /* LocalTests.xctest */,
			);
			name = Products;
			sourceTree = "<group>";
		};
		CFA44AAC19FC95A900D4B038 /* Local */ = {
			isa = PBXGroup;
			children = (
				CFA9ACF31A06B33A0060BA19 /* Views */,
				CFA9ACEF1A057B3F0060BA19 /* Controllers */,
				CFA1EF5019FF20B0001F08BC /* Models */,
				CFA44AAD19FC95A900D4B038 /* Supporting Files */,
			);
			path = Local;
			sourceTree = "<group>";
		};
		CFA44AAD19FC95A900D4B038 /* Supporting Files */ = {
			isa = PBXGroup;
			children = (
				CFA44AAE19FC95A900D4B038 /* Info.plist */,
				CFA44AAF19FC95A900D4B038 /* main.m */,
			);
			name = "Supporting Files";
			sourceTree = "<group>";
		};
		CFA44AC919FC95A900D4B038 /* LocalTests */ = {
			isa = PBXGroup;
			children = (
				CFA44ACC19FC95A900D4B038 /* LocalTests.m */,
				CFA44ACA19FC95A900D4B038 /* Supporting Files */,
			);
			path = LocalTests;
			sourceTree = "<group>";
		};
		CFA44ACA19FC95A900D4B038 /* Supporting Files */ = {
			isa = PBXGroup;
			children = (
				CFA44ACB19FC95A900D4B038 /* Info.plist */,
			);
			name = "Supporting Files";
			sourceTree = "<group>";
		};
		CFA9ACEF1A057B3F0060BA19 /* Controllers */ = {
			isa = PBXGroup;
			children = (
				CFA44AB419FC95A900D4B038 /* ListViewController.h */,
				CFA44AB519FC95A900D4B038 /* ListViewController.m */,
				CFA44AB719FC95A900D4B038 /* MapViewController.h */,
				CFA44AB819FC95A900D4B038 /* MapViewController.m */,
				CFA9ACCF1A051EDD0060BA19 /* DetailViewController.h */,
				CFA9ACD01A051EDD0060BA19 /* DetailViewController.m */,
				CFA1EF5719FF2763001F08BC /* SettingsViewController.h */,
				CFA1EF5519FF273C001F08BC /* SettingsViewController.m */,
				CFA9ACF01A06B2AD0060BA19 /* TabViewController.h */,
				CFA9ACF11A06B2AD0060BA19 /* TabViewController.m */,
			);
			name = Controllers;
			sourceTree = "<group>";
		};
		CFA9ACF31A06B33A0060BA19 /* Views */ = {
			isa = PBXGroup;
			children = (
				CFA44ABD19FC95A900D4B038 /* Images.xcassets */,
				CFA44AB219FC95A900D4B038 /* AppDelegate.m */,
				CFA44AB119FC95A900D4B038 /* AppDelegate.h */,
				CFA44ABA19FC95A900D4B038 /* Main.storyboard */,
				CFA44ABF19FC95A900D4B038 /* LaunchScreen.xib */,
			);
			name = Views;
			sourceTree = "<group>";
		};
/* End PBXGroup section */

/* Begin PBXNativeTarget section */
		CFA44AA919FC95A900D4B038 /* Local */ = {
			isa = PBXNativeTarget;
			buildConfigurationList = CFA44AD019FC95A900D4B038 /* Build configuration list for PBXNativeTarget "Local" */;
			buildPhases = (
				CFA44AA619FC95A900D4B038 /* Sources */,
				CFA44AA719FC95A900D4B038 /* Frameworks */,
				CFA44AA819FC95A900D4B038 /* Resources */,
			);
			buildRules = (
			);
			dependencies = (
			);
			name = Local;
			productName = Local;
			productReference = CFA44AAA19FC95A900D4B038 /* Local.app */;
			productType = "com.apple.product-type.application";
		};
		CFA44AC519FC95A900D4B038 /* LocalTests */ = {
			isa = PBXNativeTarget;
			buildConfigurationList = CFA44AD319FC95A900D4B038 /* Build configuration list for PBXNativeTarget "LocalTests" */;
			buildPhases = (
				CFA44AC219FC95A900D4B038 /* Sources */,
				CFA44AC319FC95A900D4B038 /* Frameworks */,
				CFA44AC419FC95A900D4B038 /* Resources */,
			);
			buildRules = (
			);
			dependencies = (
				CFA44AC819FC95A900D4B038 /* PBXTargetDependency */,
			);
			name = LocalTests;
			productName = LocalTests;
			productReference = CFA44AC619FC95A900D4B038 /* LocalTests.xctest */;
			productType = "com.apple.product-type.bundle.unit-test";
		};
/* End PBXNativeTarget section */

/* Begin PBXProject section */
		CFA44AA219FC95A900D4B038 /* Project object */ = {
			isa = PBXProject;
			attributes = {
				LastUpgradeCheck = 0600;
				ORGANIZATIONNAME = Maxwell;
				TargetAttributes = {
					CFA44AA919FC95A900D4B038 = {
						CreatedOnToolsVersion = 6.0.1;
						DevelopmentTeam = 66AYW5C998;
					};
					CFA44AC519FC95A900D4B038 = {
						CreatedOnToolsVersion = 6.0.1;
						TestTargetID = CFA44AA919FC95A900D4B038;
					};
				};
			};
			buildConfigurationList = CFA44AA519FC95A900D4B038 /* Build configuration list for PBXProject "Local" */;
			compatibilityVersion = "Xcode 3.2";
			developmentRegion = English;
			hasScannedForEncodings = 0;
			knownRegions = (
				en,
				Base,
			);
			mainGroup = CFA44AA119FC95A900D4B038;
			productRefGroup = CFA44AAB19FC95A900D4B038 /* Products */;
			projectDirPath = "";
			projectRoot = "";
			targets = (
				CFA44AA919FC95A900D4B038 /* Local */,
				CFA44AC519FC95A900D4B038 /* LocalTests */,
			);
		};
/* End PBXProject section */

/* Begin PBXResourcesBuildPhase section */
		CFA44AA819FC95A900D4B038 /* Resources */ = {
			isa = PBXResourcesBuildPhase;
			buildActionMask = 2147483647;
			files = (
				CFA44ABC19FC95A900D4B038 /* Main.storyboard in Resources */,
				CFA44AC119FC95A900D4B038 /* LaunchScreen.xib in Resources */,
				CFA44ABE19FC95A900D4B038 /* Images.xcassets in Resources */,
				CFA9ACF71A06C81A0060BA19 /* GoogleMaps.bundle in Resources */,
			);
			runOnlyForDeploymentPostprocessing = 0;
		};
		CFA44AC419FC95A900D4B038 /* Resources */ = {
			isa = PBXResourcesBuildPhase;
			buildActionMask = 2147483647;
			files = (
			);
			runOnlyForDeploymentPostprocessing = 0;
		};
/* End PBXResourcesBuildPhase section */

/* Begin PBXSourcesBuildPhase section */
		CFA44AA619FC95A900D4B038 /* Sources */ = {
			isa = PBXSourcesBuildPhase;
			buildActionMask = 2147483647;
			files = (
				CFA44AB919FC95A900D4B038 /* MapViewController.m in Sources */,
				CFA44AB319FC95A900D4B038 /* AppDelegate.m in Sources */,
				CFA1EF5619FF273C001F08BC /* SettingsViewController.m in Sources */,
				CFA1EF6019FF3A94001F08BC /* Business.m in Sources */,
				CFA9ACF21A06B2AD0060BA19 /* TabViewController.m in Sources */,
				CFA44AB619FC95A900D4B038 /* ListViewController.m in Sources */,
				CFA44AB019FC95A900D4B038 /* main.m in Sources */,
				CFA9ACD11A051EDD0060BA19 /* DetailViewController.m in Sources */,
			);
			runOnlyForDeploymentPostprocessing = 0;
		};
		CFA44AC219FC95A900D4B038 /* Sources */ = {
			isa = PBXSourcesBuildPhase;
			buildActionMask = 2147483647;
			files = (
				CFA44ACD19FC95A900D4B038 /* LocalTests.m in Sources */,
			);
			runOnlyForDeploymentPostprocessing = 0;
		};
/* End PBXSourcesBuildPhase section */

/* Begin PBXTargetDependency section */
		CFA44AC819FC95A900D4B038 /* PBXTargetDependency */ = {
			isa = PBXTargetDependency;
			target = CFA44AA919FC95A900D4B038 /* Local */;
			targetProxy = CFA44AC719FC95A900D4B038 /* PBXContainerItemProxy */;
		};
/* End PBXTargetDependency section */

/* Begin PBXVariantGroup section */
		CFA44ABA19FC95A900D4B038 /* Main.storyboard */ = {
			isa = PBXVariantGroup;
			children = (
				CFA44ABB19FC95A900D4B038 /* Base */,
			);
			name = Main.storyboard;
			sourceTree = "<group>";
		};
		CFA44ABF19FC95A900D4B038 /* LaunchScreen.xib */ = {
			isa = PBXVariantGroup;
			children = (
				CFA44AC019FC95A900D4B038 /* Base */,
			);
			name = LaunchScreen.xib;
			sourceTree = "<group>";
		};
/* End PBXVariantGroup section */

/* Begin XCBuildConfiguration section */
		CFA44ACE19FC95A900D4B038 /* Debug */ = {
			isa = XCBuildConfiguration;
			buildSettings = {
				ALWAYS_SEARCH_USER_PATHS = NO;
				CLANG_CXX_LANGUAGE_STANDARD = "gnu++0x";
				CLANG_CXX_LIBRARY = "libc++";
				CLANG_ENABLE_MODULES = YES;
				CLANG_ENABLE_OBJC_ARC = YES;
				CLANG_WARN_BOOL_CONVERSION = YES;
				CLANG_WARN_CONSTANT_CONVERSION = YES;
				CLANG_WARN_DIRECT_OBJC_ISA_USAGE = YES_ERROR;
				CLANG_WARN_EMPTY_BODY = YES;
				CLANG_WARN_ENUM_CONVERSION = YES;
				CLANG_WARN_INT_CONVERSION = YES;
				CLANG_WARN_OBJC_ROOT_CLASS = YES_ERROR;
				CLANG_WARN_UNREACHABLE_CODE = YES;
				CLANG_WARN__DUPLICATE_METHOD_MATCH = YES;
				"CODE_SIGN_IDENTITY[sdk=iphoneos*]" = "iPhone Developer";
				COPY_PHASE_STRIP = NO;
				ENABLE_STRICT_OBJC_MSGSEND = YES;
				GCC_C_LANGUAGE_STANDARD = gnu99;
				GCC_DYNAMIC_NO_PIC = NO;
				GCC_OPTIMIZATION_LEVEL = 0;
				GCC_PREPROCESSOR_DEFINITIONS = (
					"DEBUG=1",
					"$(inherited)",
				);
				GCC_SYMBOLS_PRIVATE_EXTERN = NO;
				GCC_WARN_64_TO_32_BIT_CONVERSION = YES;
				GCC_WARN_ABOUT_RETURN_TYPE = YES_ERROR;
				GCC_WARN_UNDECLARED_SELECTOR = YES;
				GCC_WARN_UNINITIALIZED_AUTOS = YES_AGGRESSIVE;
				GCC_WARN_UNUSED_FUNCTION = YES;
				GCC_WARN_UNUSED_VARIABLE = YES;
				IPHONEOS_DEPLOYMENT_TARGET = 8.0;
				MTL_ENABLE_DEBUG_INFO = YES;
				ONLY_ACTIVE_ARCH = YES;
				SDKROOT = iphoneos;
				TARGETED_DEVICE_FAMILY = "1,2";
			};
			name = Debug;
		};
		CFA44ACF19FC95A900D4B038 /* Release */ = {
			isa = XCBuildConfiguration;
			buildSettings = {
				ALWAYS_SEARCH_USER_PATHS = NO;
				CLANG_CXX_LANGUAGE_STANDARD = "gnu++0x";
				CLANG_CXX_LIBRARY = "libc++";
				CLANG_ENABLE_MODULES = YES;
				CLANG_ENABLE_OBJC_ARC = YES;
				CLANG_WARN_BOOL_CONVERSION = YES;
				CLANG_WARN_CONSTANT_CONVERSION = YES;
				CLANG_WARN_DIRECT_OBJC_ISA_USAGE = YES_ERROR;
				CLANG_WARN_EMPTY_BODY = YES;
				CLANG_WARN_ENUM_CONVERSION = YES;
				CLANG_WARN_INT_CONVERSION = YES;
				CLANG_WARN_OBJC_ROOT_CLASS = YES_ERROR;
				CLANG_WARN_UNREACHABLE_CODE = YES;
				CLANG_WARN__DUPLICATE_METHOD_MATCH = YES;
				"CODE_SIGN_IDENTITY[sdk=iphoneos*]" = "iPhone Developer";
				COPY_PHASE_STRIP = YES;
				ENABLE_NS_ASSERTIONS = NO;
				ENABLE_STRICT_OBJC_MSGSEND = YES;
				GCC_C_LANGUAGE_STANDARD = gnu99;
				GCC_WARN_64_TO_32_BIT_CONVERSION = YES;
				GCC_WARN_ABOUT_RETURN_TYPE = YES_ERROR;
				GCC_WARN_UNDECLARED_SELECTOR = YES;
				GCC_WARN_UNINITIALIZED_AUTOS = YES_AGGRESSIVE;
				GCC_WARN_UNUSED_FUNCTION = YES;
				GCC_WARN_UNUSED_VARIABLE = YES;
				IPHONEOS_DEPLOYMENT_TARGET = 8.0;
				MTL_ENABLE_DEBUG_INFO = NO;
				SDKROOT = iphoneos;
				TARGETED_DEVICE_FAMILY = "1,2";
				VALIDATE_PRODUCT = YES;
			};
			name = Release;
		};
		CFA44AD119FC95A900D4B038 /* Debug */ = {
			isa = XCBuildConfiguration;
			buildSettings = {
				ASSETCATALOG_COMPILER_APPICON_NAME = AppIcon;
				CODE_SIGN_IDENTITY = "iPhone Developer";
				"CODE_SIGN_IDENTITY[sdk=iphoneos*]" = "iPhone Developer";
				FRAMEWORK_SEARCH_PATHS = (
					"$(inherited)",
					"$(PROJECT_DIR)",
					"/Users/maxwell/Downloads/GoogleMaps-iOS-1.8.1",
				);
				INFOPLIST_FILE = Local/Info.plist;
				LD_RUNPATH_SEARCH_PATHS = "$(inherited) @executable_path/Frameworks";
				"OTHER_LDFLAGS[arch=*]" = "-ObjC";
				PRODUCT_NAME = "$(TARGET_NAME)";
				PROVISIONING_PROFILE = "";
				TARGETED_DEVICE_FAMILY = 1;
			};
			name = Debug;
		};
		CFA44AD219FC95A900D4B038 /* Release */ = {
			isa = XCBuildConfiguration;
			buildSettings = {
				ASSETCATALOG_COMPILER_APPICON_NAME = AppIcon;
				CODE_SIGN_IDENTITY = "iPhone Developer";
				"CODE_SIGN_IDENTITY[sdk=iphoneos*]" = "iPhone Developer";
				FRAMEWORK_SEARCH_PATHS = (
					"$(inherited)",
					"$(PROJECT_DIR)",
					"/Users/maxwell/Downloads/GoogleMaps-iOS-1.8.1",
				);
				INFOPLIST_FILE = Local/Info.plist;
				LD_RUNPATH_SEARCH_PATHS = "$(inherited) @executable_path/Frameworks";
				PRODUCT_NAME = "$(TARGET_NAME)";
				PROVISIONING_PROFILE = "";
				TARGETED_DEVICE_FAMILY = 1;
			};
			name = Release;
		};
		CFA44AD419FC95A900D4B038 /* Debug */ = {
			isa = XCBuildConfiguration;
			buildSettings = {
				BUNDLE_LOADER = "$(TEST_HOST)";
				FRAMEWORK_SEARCH_PATHS = (
					"$(SDKROOT)/Developer/Library/Frameworks",
					"$(inherited)",
				);
				GCC_PREPROCESSOR_DEFINITIONS = (
					"DEBUG=1",
					"$(inherited)",
				);
				INFOPLIST_FILE = LocalTests/Info.plist;
				LD_RUNPATH_SEARCH_PATHS = "$(inherited) @executable_path/Frameworks @loader_path/Frameworks";
				PRODUCT_NAME = "$(TARGET_NAME)";
				TEST_HOST = "$(BUILT_PRODUCTS_DIR)/Local.app/Local";
			};
			name = Debug;
		};
		CFA44AD519FC95A900D4B038 /* Release */ = {
			isa = XCBuildConfiguration;
			buildSettings = {
				BUNDLE_LOADER = "$(TEST_HOST)";
				FRAMEWORK_SEARCH_PATHS = (
					"$(SDKROOT)/Developer/Library/Frameworks",
					"$(inherited)",
				);
				INFOPLIST_FILE = LocalTests/Info.plist;
				LD_RUNPATH_SEARCH_PATHS = "$(inherited) @executable_path/Frameworks @loader_path/Frameworks";
				PRODUCT_NAME = "$(TARGET_NAME)";
				TEST_HOST = "$(BUILT_PRODUCTS_DIR)/Local.app/Local";
			};
			name = Release;
		};
/* End XCBuildConfiguration section */

/* Begin XCConfigurationList section */
		CFA44AA519FC95A900D4B038 /* Build configuration list for PBXProject "Local" */ = {
			isa = XCConfigurationList;
			buildConfigurations = (
				CFA44ACE19FC95A900D4B038 /* Debug */,
				CFA44ACF19FC95A900D4B038 /* Release */,
			);
			defaultConfigurationIsVisible = 0;
			defaultConfigurationName = Release;
		};
		CFA44AD019FC95A900D4B038 /* Build configuration list for PBXNativeTarget "Local" */ = {
			isa = XCConfigurationList;
			buildConfigurations = (
				CFA44AD119FC95A900D4B038 /* Debug */,
				CFA44AD219FC95A900D4B038 /* Release */,
			);
			defaultConfigurationIsVisible = 0;
			defaultConfigurationName = Release;
		};
		CFA44AD319FC95A900D4B038 /* Build configuration list for PBXNativeTarget "LocalTests" */ = {
			isa = XCConfigurationList;
			buildConfigurations = (
				CFA44AD419FC95A900D4B038 /* Debug */,
				CFA44AD519FC95A900D4B038 /* Release */,
			);
			defaultConfigurationIsVisible = 0;
			defaultConfigurationName = Release;
		};
/* End XCConfigurationList section */
	};
	rootObject = CFA44AA219FC95A900D4B038 /* Project object */;
}
